// !$*UTF8*$!
{
	archiveVersion = 1;
	classes = {
	};
	objectVersion = 48;
	objects = {

/* Begin PBXBuildFile section */
		33AFE2241F4B5FB1000BFF0D /* AppDelegate.swift in Sources */ = {isa = PBXBuildFile; fileRef = 33AFE2231F4B5FB1000BFF0D /* AppDelegate.swift */; };
		33AFE2261F4B5FB1000BFF0D /* ViewController.swift in Sources */ = {isa = PBXBuildFile; fileRef = 33AFE2251F4B5FB1000BFF0D /* ViewController.swift */; };
		33AFE2291F4B5FB1000BFF0D /* Main.storyboard in Resources */ = {isa = PBXBuildFile; fileRef = 33AFE2271F4B5FB1000BFF0D /* Main.storyboard */; };
		33AFE22B1F4B5FB1000BFF0D /* Assets.xcassets in Resources */ = {isa = PBXBuildFile; fileRef = 33AFE22A1F4B5FB1000BFF0D /* Assets.xcassets */; };
		33AFE22E1F4B5FB1000BFF0D /* LaunchScreen.storyboard in Resources */ = {isa = PBXBuildFile; fileRef = 33AFE22C1F4B5FB1000BFF0D /* LaunchScreen.storyboard */; };
		33AFE2391F4B5FB2000BFF0D /* testTests.swift in Sources */ = {isa = PBXBuildFile; fileRef = 33AFE2381F4B5FB2000BFF0D /* testTests.swift */; };
		33AFE2441F4B5FB2000BFF0D /* testUITests.swift in Sources */ = {isa = PBXBuildFile; fileRef = 33AFE2431F4B5FB2000BFF0D /* testUITests.swift */; };
/* End PBXBuildFile section */

/* Begin PBXContainerItemProxy section */
		33AFE2351F4B5FB2000BFF0D /* PBXContainerItemProxy */ = {
			isa = PBXContainerItemProxy;
			containerPortal = 33AFE2181F4B5FB1000BFF0D /* Project object */;
			proxyType = 1;
			remoteGlobalIDString = 33AFE21F1F4B5FB1000BFF0D;
			remoteInfo = test;
		};
		33AFE2401F4B5FB2000BFF0D /* PBXContainerItemProxy */ = {
			isa = PBXContainerItemProxy;
			containerPortal = 33AFE2181F4B5FB1000BFF0D /* Project object */;
			proxyType = 1;
			remoteGlobalIDString = 33AFE21F1F4B5FB1000BFF0D;
			remoteInfo = test;
		};
/* End PBXContainerItemProxy section */

/* Begin PBXFileReference section */
		33AFE2201F4B5FB1000BFF0D /* test.app */ = {isa = PBXFileReference; explicitFileType = wrapper.application; includeInIndex = 0; path = test.app; sourceTree = BUILT_PRODUCTS_DIR; };
		33AFE2231F4B5FB1000BFF0D /* AppDelegate.swift */ = {isa = PBXFileReference; lastKnownFileType = sourcecode.swift; path = AppDelegate.swift; sourceTree = "<group>"; };
		33AFE2251F4B5FB1000BFF0D /* ViewController.swift */ = {isa = PBXFileReference; lastKnownFileType = sourcecode.swift; path = ViewController.swift; sourceTree = "<group>"; };
		33AFE2281F4B5FB1000BFF0D /* Base */ = {isa = PBXFileReference; lastKnownFileType = file.storyboard; name = Base; path = Base.lproj/Main.storyboard; sourceTree = "<group>"; };
		33AFE22A1F4B5FB1000BFF0D /* Assets.xcassets */ = {isa = PBXFileReference; lastKnownFileType = folder.assetcatalog; path = Assets.xcassets; sourceTree = "<group>"; };
		33AFE22D1F4B5FB1000BFF0D /* Base */ = {isa = PBXFileReference; lastKnownFileType = file.storyboard; name = Base; path = Base.lproj/LaunchScreen.storyboard; sourceTree = "<group>"; };
		33AFE22F1F4B5FB1000BFF0D /* Info.plist */ = {isa = PBXFileReference; lastKnownFileType = text.plist.xml; path = Info.plist; sourceTree = "<group>"; };
		33AFE2341F4B5FB2000BFF0D /* testTests.xctest */ = {isa = PBXFileReference; explicitFileType = wrapper.cfbundle; includeInIndex = 0; path = testTests.xctest; sourceTree = BUILT_PRODUCTS_DIR; };
		33AFE2381F4B5FB2000BFF0D /* testTests.swift */ = {isa = PBXFileReference; lastKnownFileType = sourcecode.swift; path = testTests.swift; sourceTree = "<group>"; };
		33AFE23A1F4B5FB2000BFF0D /* Info.plist */ = {isa = PBXFileReference; lastKnownFileType = text.plist.xml; path = Info.plist; sourceTree = "<group>"; };
		33AFE23F1F4B5FB2000BFF0D /* testUITests.xctest */ = {isa = PBXFileReference; explicitFileType = wrapper.cfbundle; includeInIndex = 0; path = testUITests.xctest; sourceTree = BUILT_PRODUCTS_DIR; };
		33AFE2431F4B5FB2000BFF0D /* testUITests.swift */ = {isa = PBXFileReference; lastKnownFileType = sourcecode.swift; path = testUITests.swift; sourceTree = "<group>"; };
		33AFE2451F4B5FB2000BFF0D /* Info.plist */ = {isa = PBXFileReference; lastKnownFileType = text.plist.xml; path = Info.plist; sourceTree = "<group>"; };
/* End PBXFileReference section */

/* Begin PBXFrameworksBuildPhase section */
		33AFE21D1F4B5FB1000BFF0D /* Frameworks */ = {
			isa = PBXFrameworksBuildPhase;
			buildActionMask = 2147483647;
			files = (
			);
			runOnlyForDeploymentPostprocessing = 0;
		};
		33AFE2311F4B5FB2000BFF0D /* Frameworks */ = {
			isa = PBXFrameworksBuildPhase;
			buildActionMask = 2147483647;
			files = (
			);
			runOnlyForDeploymentPostprocessing = 0;
		};
		33AFE23C1F4B5FB2000BFF0D /* Frameworks */ = {
			isa = PBXFrameworksBuildPhase;
			buildActionMask = 2147483647;
			files = (
			);
			runOnlyForDeploymentPostprocessing = 0;
		};
/* End PBXFrameworksBuildPhase section */

/* Begin PBXGroup section */
		33AFE2171F4B5FB1000BFF0D = {
			isa = PBXGroup;
			children = (
				33AFE2221F4B5FB1000BFF0D /* test */,
				33AFE2371F4B5FB2000BFF0D /* testTests */,
				33AFE2421F4B5FB2000BFF0D /* testUITests */,
				33AFE2211F4B5FB1000BFF0D /* Products */,
			);
			sourceTree = "<group>";
		};
		33AFE2211F4B5FB1000BFF0D /* Products */ = {
			isa = PBXGroup;
			children = (
				33AFE2201F4B5FB1000BFF0D /* test.app */,
				33AFE2341F4B5FB2000BFF0D /* testTests.xctest */,
				33AFE23F1F4B5FB2000BFF0D /* testUITests.xctest */,
			);
			name = Products;
			sourceTree = "<group>";
		};
		33AFE2221F4B5FB1000BFF0D /* test */ = {
			isa = PBXGroup;
			children = (
				33AFE2231F4B5FB1000BFF0D /* AppDelegate.swift */,
				33AFE2251F4B5FB1000BFF0D /* ViewController.swift */,
				33AFE2271F4B5FB1000BFF0D /* Main.storyboard */,
				33AFE22A1F4B5FB1000BFF0D /* Assets.xcassets */,
				33AFE22C1F4B5FB1000BFF0D /* LaunchScreen.storyboard */,
				33AFE22F1F4B5FB1000BFF0D /* Info.plist */,
			);
			path = test;
			sourceTree = "<group>";
		};
		33AFE2371F4B5FB2000BFF0D /* testTests */ = {
			isa = PBXGroup;
			children = (
				33AFE2381F4B5FB2000BFF0D /* testTests.swift */,
				33AFE23A1F4B5FB2000BFF0D /* Info.plist */,
			);
			path = testTests;
			sourceTree = "<group>";
		};
		33AFE2421F4B5FB2000BFF0D /* testUITests */ = {
			isa = PBXGroup;
			children = (
				33AFE2431F4B5FB2000BFF0D /* testUITests.swift */,
				33AFE2451F4B5FB2000BFF0D /* Info.plist */,
			);
			path = testUITests;
			sourceTree = "<group>";
		};
/* End PBXGroup section */

/* Begin PBXNativeTarget section */
		33AFE21F1F4B5FB1000BFF0D /* test */ = {
			isa = PBXNativeTarget;
			buildConfigurationList = 33AFE2481F4B5FB2000BFF0D /* Build configuration list for PBXNativeTarget "test" */;
			buildPhases = (
				33AFE21C1F4B5FB1000BFF0D /* Sources */,
				33AFE21D1F4B5FB1000BFF0D /* Frameworks */,
				33AFE21E1F4B5FB1000BFF0D /* Resources */,
			);
			buildRules = (
			);
			dependencies = (
			);
			name = test;
			productName = test;
			productReference = 33AFE2201F4B5FB1000BFF0D /* test.app */;
			productType = "com.apple.product-type.application";
		};
		33AFE2331F4B5FB2000BFF0D /* testTests */ = {
			isa = PBXNativeTarget;
			buildConfigurationList = 33AFE24B1F4B5FB2000BFF0D /* Build configuration list for PBXNativeTarget "testTests" */;
			buildPhases = (
				33AFE2301F4B5FB2000BFF0D /* Sources */,
				33AFE2311F4B5FB2000BFF0D /* Frameworks */,
				33AFE2321F4B5FB2000BFF0D /* Resources */,
			);
			buildRules = (
			);
			dependencies = (
				33AFE2361F4B5FB2000BFF0D /* PBXTargetDependency */,
			);
			name = testTests;
			productName = testTests;
			productReference = 33AFE2341F4B5FB2000BFF0D /* testTests.xctest */;
			productType = "com.apple.product-type.bundle.unit-test";
		};
		33AFE23E1F4B5FB2000BFF0D /* testUITests */ = {
			isa = PBXNativeTarget;
			buildConfigurationList = 33AFE24E1F4B5FB2000BFF0D /* Build configuration list for PBXNativeTarget "testUITests" */;
			buildPhases = (
				33AFE23B1F4B5FB2000BFF0D /* Sources */,
				33AFE23C1F4B5FB2000BFF0D /* Frameworks */,
				33AFE23D1F4B5FB2000BFF0D /* Resources */,
			);
			buildRules = (
			);
			dependencies = (
				33AFE2411F4B5FB2000BFF0D /* PBXTargetDependency */,
			);
			name = testUITests;
			productName = testUITests;
			productReference = 33AFE23F1F4B5FB2000BFF0D /* testUITests.xctest */;
			productType = "com.apple.product-type.bundle.ui-testing";
		};
/* End PBXNativeTarget section */

/* Begin PBXProject section */
		33AFE2181F4B5FB1000BFF0D /* Project object */ = {
			isa = PBXProject;
			attributes = {
				LastSwiftUpdateCheck = 0900;
				LastUpgradeCheck = 0900;
				ORGANIZATIONNAME = "Ed Salter";
				TargetAttributes = {
					33AFE21F1F4B5FB1000BFF0D = {
						CreatedOnToolsVersion = 9.0;
						ProvisioningStyle = Automatic;
					};
					33AFE2331F4B5FB2000BFF0D = {
						CreatedOnToolsVersion = 9.0;
						ProvisioningStyle = Automatic;
						TestTargetID = 33AFE21F1F4B5FB1000BFF0D;
					};
					33AFE23E1F4B5FB2000BFF0D = {
						CreatedOnToolsVersion = 9.0;
						ProvisioningStyle = Automatic;
						TestTargetID = 33AFE21F1F4B5FB1000BFF0D;
					};
				};
			};
			buildConfigurationList = 33AFE21B1F4B5FB1000BFF0D /* Build configuration list for PBXProject "test" */;
			compatibilityVersion = "Xcode 8.0";
			developmentRegion = en;
			hasScannedForEncodings = 0;
			knownRegions = (
				en,
				Base,
			);
			mainGroup = 33AFE2171F4B5FB1000BFF0D;
			productRefGroup = 33AFE2211F4B5FB1000BFF0D /* Products */;
			projectDirPath = "";
			projectRoot = "";
			targets = (
				33AFE21F1F4B5FB1000BFF0D /* test */,
				33AFE2331F4B5FB2000BFF0D /* testTests */,
				33AFE23E1F4B5FB2000BFF0D /* testUITests */,
			);
		};
/* End PBXProject section */

/* Begin PBXResourcesBuildPhase section */
		33AFE21E1F4B5FB1000BFF0D /* Resources */ = {
			isa = PBXResourcesBuildPhase;
			buildActionMask = 2147483647;
			files = (
				33AFE22E1F4B5FB1000BFF0D /* LaunchScreen.storyboard in Resources */,
				33AFE22B1F4B5FB1000BFF0D /* Assets.xcassets in Resources */,
				33AFE2291F4B5FB1000BFF0D /* Main.storyboard in Resources */,
			);
			runOnlyForDeploymentPostprocessing = 0;
		};
		33AFE2321F4B5FB2000BFF0D /* Resources */ = {
			isa = PBXResourcesBuildPhase;
			buildActionMask = 2147483647;
			files = (
			);
			runOnlyForDeploymentPostprocessing = 0;
		};
		33AFE23D1F4B5FB2000BFF0D /* Resources */ = {
			isa = PBXResourcesBuildPhase;
			buildActionMask = 2147483647;
			files = (
			);
			runOnlyForDeploymentPostprocessing = 0;
		};
/* End PBXResourcesBuildPhase section */

/* Begin PBXSourcesBuildPhase section */
		33AFE21C1F4B5FB1000BFF0D /* Sources */ = {
			isa = PBXSourcesBuildPhase;
			buildActionMask = 2147483647;
			files = (
				33AFE2261F4B5FB1000BFF0D /* ViewController.swift in Sources */,
				33AFE2241F4B5FB1000BFF0D /* AppDelegate.swift in Sources */,
			);
			runOnlyForDeploymentPostprocessing = 0;
		};
		33AFE2301F4B5FB2000BFF0D /* Sources */ = {
			isa = PBXSourcesBuildPhase;
			buildActionMask = 2147483647;
			files = (
				33AFE2391F4B5FB2000BFF0D /* testTests.swift in Sources */,
			);
			runOnlyForDeploymentPostprocessing = 0;
		};
		33AFE23B1F4B5FB2000BFF0D /* Sources */ = {
			isa = PBXSourcesBuildPhase;
			buildActionMask = 2147483647;
			files = (
				33AFE2441F4B5FB2000BFF0D /* testUITests.swift in Sources */,
			);
			runOnlyForDeploymentPostprocessing = 0;
		};
/* End PBXSourcesBuildPhase section */

/* Begin PBXTargetDependency section */
		33AFE2361F4B5FB2000BFF0D /* PBXTargetDependency */ = {
			isa = PBXTargetDependency;
			target = 33AFE21F1F4B5FB1000BFF0D /* test */;
			targetProxy = 33AFE2351F4B5FB2000BFF0D /* PBXContainerItemProxy */;
		};
		33AFE2411F4B5FB2000BFF0D /* PBXTargetDependency */ = {
			isa = PBXTargetDependency;
			target = 33AFE21F1F4B5FB1000BFF0D /* test */;
			targetProxy = 33AFE2401F4B5FB2000BFF0D /* PBXContainerItemProxy */;
		};
/* End PBXTargetDependency section */

/* Begin PBXVariantGroup section */
		33AFE2271F4B5FB1000BFF0D /* Main.storyboard */ = {
			isa = PBXVariantGroup;
			children = (
				33AFE2281F4B5FB1000BFF0D /* Base */,
			);
			name = Main.storyboard;
			sourceTree = "<group>";
		};
		33AFE22C1F4B5FB1000BFF0D /* LaunchScreen.storyboard */ = {
			isa = PBXVariantGroup;
			children = (
				33AFE22D1F4B5FB1000BFF0D /* Base */,
			);
			name = LaunchScreen.storyboard;
			sourceTree = "<group>";
		};
/* End PBXVariantGroup section */

/* Begin XCBuildConfiguration section */
		33AFE2461F4B5FB2000BFF0D /* Debug */ = {
			isa = XCBuildConfiguration;
			buildSettings = {
				ALWAYS_SEARCH_USER_PATHS = NO;
				CLANG_ANALYZER_NONNULL = YES;
				CLANG_ANALYZER_NUMBER_OBJECT_CONVERSION = YES_AGGRESSIVE;
				CLANG_CXX_LANGUAGE_STANDARD = "gnu++14";
				CLANG_CXX_LIBRARY = "libc++";
				CLANG_ENABLE_MODULES = YES;
				CLANG_ENABLE_OBJC_ARC = YES;
				CLANG_WARN_BLOCK_CAPTURE_AUTORELEASING = YES;
				CLANG_WARN_BOOL_CONVERSION = YES;
				CLANG_WARN_COMMA = YES;
				CLANG_WARN_CONSTANT_CONVERSION = YES;
				CLANG_WARN_DIRECT_OBJC_ISA_USAGE = YES_ERROR;
				CLANG_WARN_DOCUMENTATION_COMMENTS = YES;
				CLANG_WARN_EMPTY_BODY = YES;
				CLANG_WARN_ENUM_CONVERSION = YES;
				CLANG_WARN_INFINITE_RECURSION = YES;
				CLANG_WARN_INT_CONVERSION = YES;
				CLANG_WARN_NON_LITERAL_NULL_CONVERSION = YES;
				CLANG_WARN_OBJC_LITERAL_CONVERSION = YES;
				CLANG_WARN_OBJC_ROOT_CLASS = YES_ERROR;
				CLANG_WARN_RANGE_LOOP_ANALYSIS = YES;
				CLANG_WARN_STRICT_PROTOTYPES = YES;
				CLANG_WARN_SUSPICIOUS_MOVE = YES;
				CLANG_WARN_UNGUARDED_AVAILABILITY = YES_AGGRESSIVE;
				CLANG_WARN_UNREACHABLE_CODE = YES;
				CLANG_WARN__DUPLICATE_METHOD_MATCH = YES;
				CODE_SIGN_IDENTITY = "iPhone Developer";
				COPY_PHASE_STRIP = NO;
				DEBUG_INFORMATION_FORMAT = dwarf;
				ENABLE_STRICT_OBJC_MSGSEND = YES;
				ENABLE_TESTABILITY = YES;
				GCC_C_LANGUAGE_STANDARD = gnu11;
				GCC_DYNAMIC_NO_PIC = NO;
				GCC_NO_COMMON_BLOCKS = YES;
				GCC_OPTIMIZATION_LEVEL = 0;
				GCC_PREPROCESSOR_DEFINITIONS = (
					"DEBUG=1",
					"$(inherited)",
				);
				GCC_WARN_64_TO_32_BIT_CONVERSION = YES;
				GCC_WARN_ABOUT_RETURN_TYPE = YES_ERROR;
				GCC_WARN_UNDECLARED_SELECTOR = YES;
				GCC_WARN_UNINITIALIZED_AUTOS = YES_AGGRESSIVE;
				GCC_WARN_UNUSED_FUNCTION = YES;
				GCC_WARN_UNUSED_VARIABLE = YES;
				IPHONEOS_DEPLOYMENT_TARGET = 11.0;
				MTL_ENABLE_DEBUG_INFO = YES;
				ONLY_ACTIVE_ARCH = YES;
				SDKROOT = iphoneos;
				SWIFT_ACTIVE_COMPILATION_CONDITIONS = DEBUG;
				SWIFT_OPTIMIZATION_LEVEL = "-Onone";
			};
			name = Debug;
		};
		33AFE2471F4B5FB2000BFF0D /* Release */ = {
			isa = XCBuildConfiguration;
			buildSettings = {
				ALWAYS_SEARCH_USER_PATHS = NO;
				CLANG_ANALYZER_NONNULL = YES;
				CLANG_ANALYZER_NUMBER_OBJECT_CONVERSION = YES_AGGRESSIVE;
				CLANG_CXX_LANGUAGE_STANDARD = "gnu++14";
				CLANG_CXX_LIBRARY = "libc++";
				CLANG_ENABLE_MODULES = YES;
				CLANG_ENABLE_OBJC_ARC = YES;
				CLANG_WARN_BLOCK_CAPTURE_AUTORELEASING = YES;
				CLANG_WARN_BOOL_CONVERSION = YES;
				CLANG_WARN_COMMA = YES;
				CLANG_WARN_CONSTANT_CONVERSION = YES;
				CLANG_WARN_DIRECT_OBJC_ISA_USAGE = YES_ERROR;
				CLANG_WARN_DOCUMENTATION_COMMENTS = YES;
				CLANG_WARN_EMPTY_BODY = YES;
				CLANG_WARN_ENUM_CONVERSION = YES;
				CLANG_WARN_INFINITE_RECURSION = YES;
				CLANG_WARN_INT_CONVERSION = YES;
				CLANG_WARN_NON_LITERAL_NULL_CONVERSION = YES;
				CLANG_WARN_OBJC_LITERAL_CONVERSION = YES;
				CLANG_WARN_OBJC_ROOT_CLASS = YES_ERROR;
				CLANG_WARN_RANGE_LOOP_ANALYSIS = YES;
				CLANG_WARN_STRICT_PROTOTYPES = YES;
				CLANG_WARN_SUSPICIOUS_MOVE = YES;
				CLANG_WARN_UNGUARDED_AVAILABILITY = YES_AGGRESSIVE;
				CLANG_WARN_UNREACHABLE_CODE = YES;
				CLANG_WARN__DUPLICATE_METHOD_MATCH = YES;
				CODE_SIGN_IDENTITY = "iPhone Developer";
				COPY_PHASE_STRIP = NO;
				DEBUG_INFORMATION_FORMAT = "dwarf-with-dsym";
				ENABLE_NS_ASSERTIONS = NO;
				ENABLE_STRICT_OBJC_MSGSEND = YES;
				GCC_C_LANGUAGE_STANDARD = gnu11;
				GCC_NO_COMMON_BLOCKS = YES;
				GCC_WARN_64_TO_32_BIT_CONVERSION = YES;
				GCC_WARN_ABOUT_RETURN_TYPE = YES_ERROR;
				GCC_WARN_UNDECLARED_SELECTOR = YES;
				GCC_WARN_UNINITIALIZED_AUTOS = YES_AGGRESSIVE;
				GCC_WARN_UNUSED_FUNCTION = YES;
				GCC_WARN_UNUSED_VARIABLE = YES;
				IPHONEOS_DEPLOYMENT_TARGET = 11.0;
				MTL_ENABLE_DEBUG_INFO = NO;
				SDKROOT = iphoneos;
				SWIFT_OPTIMIZATION_LEVEL = "-Owholemodule";
				VALIDATE_PRODUCT = YES;
			};
			name = Release;
		};
		33AFE2491F4B5FB2000BFF0D /* Debug */ = {
			isa = XCBuildConfiguration;
			buildSettings = {
				ASSETCATALOG_COMPILER_APPICON_NAME = AppIcon;
				CODE_SIGN_STYLE = Automatic;
				DEVELOPMENT_TEAM = 5V8D34KHHF;
				INFOPLIST_FILE = test/Info.plist;
				LD_RUNPATH_SEARCH_PATHS = "$(inherited) @executable_path/Frameworks";
				PRODUCT_BUNDLE_IDENTIFIER = com.routematch.test;
				PRODUCT_NAME = "$(TARGET_NAME)";
				SWIFT_VERSION = 4.0;
				TARGETED_DEVICE_FAMILY = "1,2";
			};
			name = Debug;
		};
		33AFE24A1F4B5FB2000BFF0D /* Release */ = {
			isa = XCBuildConfiguration;
			buildSettings = {
				ASSETCATALOG_COMPILER_APPICON_NAME = AppIcon;
				CODE_SIGN_STYLE = Automatic;
				DEVELOPMENT_TEAM = 5V8D34KHHF;
				INFOPLIST_FILE = test/Info.plist;
				LD_RUNPATH_SEARCH_PATHS = "$(inherited) @executable_path/Frameworks";
				PRODUCT_BUNDLE_IDENTIFIER = com.routematch.test;
				PRODUCT_NAME = "$(TARGET_NAME)";
				SWIFT_VERSION = 4.0;
				TARGETED_DEVICE_FAMILY = "1,2";
			};
			name = Release;
		};
		33AFE24C1F4B5FB2000BFF0D /* Debug */ = {
			isa = XCBuildConfiguration;
			buildSettings = {
				ALWAYS_EMBED_SWIFT_STANDARD_LIBRARIES = YES;
				BUNDLE_LOADER = "$(TEST_HOST)";
				CODE_SIGN_STYLE = Automatic;
				DEVELOPMENT_TEAM = 5V8D34KHHF;
				INFOPLIST_FILE = testTests/Info.plist;
				LD_RUNPATH_SEARCH_PATHS = "$(inherited) @executable_path/Frameworks @loader_path/Frameworks";
				PRODUCT_BUNDLE_IDENTIFIER = com.routematch.testTests;
				PRODUCT_NAME = "$(TARGET_NAME)";
				SWIFT_VERSION = 4.0;
				TARGETED_DEVICE_FAMILY = "1,2";
				TEST_HOST = "$(BUILT_PRODUCTS_DIR)/test.app/test";
			};
			name = Debug;
		};
		33AFE24D1F4B5FB2000BFF0D /* Release */ = {
			isa = XCBuildConfiguration;
			buildSettings = {
				ALWAYS_EMBED_SWIFT_STANDARD_LIBRARIES = YES;
				BUNDLE_LOADER = "$(TEST_HOST)";
				CODE_SIGN_STYLE = Automatic;
				DEVELOPMENT_TEAM = 5V8D34KHHF;
				INFOPLIST_FILE = testTests/Info.plist;
				LD_RUNPATH_SEARCH_PATHS = "$(inherited) @executable_path/Frameworks @loader_path/Frameworks";
				PRODUCT_BUNDLE_IDENTIFIER = com.routematch.testTests;
				PRODUCT_NAME = "$(TARGET_NAME)";
				SWIFT_VERSION = 4.0;
				TARGETED_DEVICE_FAMILY = "1,2";
				TEST_HOST = "$(BUILT_PRODUCTS_DIR)/test.app/test";
			};
			name = Release;
		};
		33AFE24F1F4B5FB2000BFF0D /* Debug */ = {
			isa = XCBuildConfiguration;
			buildSettings = {
				ALWAYS_EMBED_SWIFT_STANDARD_LIBRARIES = YES;
				CODE_SIGN_STYLE = Automatic;
				DEVELOPMENT_TEAM = 5V8D34KHHF;
				INFOPLIST_FILE = testUITests/Info.plist;
				LD_RUNPATH_SEARCH_PATHS = "$(inherited) @executable_path/Frameworks @loader_path/Frameworks";
				PRODUCT_BUNDLE_IDENTIFIER = com.routematch.testUITests;
				PRODUCT_NAME = "$(TARGET_NAME)";
				SWIFT_VERSION = 4.0;
				TARGETED_DEVICE_FAMILY = "1,2";
				TEST_TARGET_NAME = test;
			};
			name = Debug;
		};
		33AFE2501F4B5FB2000BFF0D /* Release */ = {
			isa = XCBuildConfiguration;
			buildSettings = {
				ALWAYS_EMBED_SWIFT_STANDARD_LIBRARIES = YES;
				CODE_SIGN_STYLE = Automatic;
				DEVELOPMENT_TEAM = 5V8D34KHHF;
				INFOPLIST_FILE = testUITests/Info.plist;
				LD_RUNPATH_SEARCH_PATHS = "$(inherited) @executable_path/Frameworks @loader_path/Frameworks";
				PRODUCT_BUNDLE_IDENTIFIER = com.routematch.testUITests;
				PRODUCT_NAME = "$(TARGET_NAME)";
				SWIFT_VERSION = 4.0;
				TARGETED_DEVICE_FAMILY = "1,2";
				TEST_TARGET_NAME = test;
			};
			name = Release;
		};
/* End XCBuildConfiguration section */

/* Begin XCConfigurationList section */
		33AFE21B1F4B5FB1000BFF0D /* Build configuration list for PBXProject "test" */ = {
			isa = XCConfigurationList;
			buildConfigurations = (
				33AFE2461F4B5FB2000BFF0D /* Debug */,
				33AFE2471F4B5FB2000BFF0D /* Release */,
			);
			defaultConfigurationIsVisible = 0;
			defaultConfigurationName = Release;
		};
		33AFE2481F4B5FB2000BFF0D /* Build configuration list for PBXNativeTarget "test" */ = {
			isa = XCConfigurationList;
			buildConfigurations = (
				33AFE2491F4B5FB2000BFF0D /* Debug */,
				33AFE24A1F4B5FB2000BFF0D /* Release */,
			);
			defaultConfigurationIsVisible = 0;
			defaultConfigurationName = Release;
		};
		33AFE24B1F4B5FB2000BFF0D /* Build configuration list for PBXNativeTarget "testTests" */ = {
			isa = XCConfigurationList;
			buildConfigurations = (
				33AFE24C1F4B5FB2000BFF0D /* Debug */,
				33AFE24D1F4B5FB2000BFF0D /* Release */,
			);
			defaultConfigurationIsVisible = 0;
			defaultConfigurationName = Release;
		};
		33AFE24E1F4B5FB2000BFF0D /* Build configuration list for PBXNativeTarget "testUITests" */ = {
			isa = XCConfigurationList;
			buildConfigurations = (
				33AFE24F1F4B5FB2000BFF0D /* Debug */,
				33AFE2501F4B5FB2000BFF0D /* Release */,
			);
			defaultConfigurationIsVisible = 0;
			defaultConfigurationName = Release;
		};
/* End XCConfigurationList section */
	};
	rootObject = 33AFE2181F4B5FB1000BFF0D /* Project object */;
}
